
Microsoft Visual Studio Solution File, Format Version 12.00
# Visual Studio 15
VisualStudioVersion = 15.0.26430.15
MinimumVisualStudioVersion = 10.0.40219.1
Project("{FAE04EC0-301F-11D3-BF4B-00C04F79EFBC}") = "PoolServer", "PoolServer\PoolServer.csproj", "{A0EB6FE0-0A9D-47F6-A3D1-0FA82BFFA921}"
EndProject
Project("{FAE04EC0-301F-11D3-BF4B-00C04F79EFBC}") = "PollServerCfg", "PollServerCfg\PollServerCfg.csproj", "{F42C603D-B57C-429D-9152-F1BC58E6407C}"
EndProject
Project("{FAE04EC0-301F-11D3-BF4B-00C04F79EFBC}") = "LibPorts", "PortsLib\LibPorts.csproj", "{13571FB0-472F-43B0-947D-64C5D1F2B4A4}"
EndProject
Project("{FAE04EC0-301F-11D3-BF4B-00C04F79EFBC}") = "LibLogger", "Logger\LibLogger.csproj", "{D20D8ACB-AD07-4E7F-A99E-47F4113B32EA}"
EndProject
Global
	GlobalSection(SolutionConfigurationPlatforms) = preSolution
		Debug|Any CPU = Debug|Any CPU
		Debug|Mixed Platforms = Debug|Mixed Platforms
		Debug|x86 = Debug|x86
		Release|Any CPU = Release|Any CPU
		Release|Mixed Platforms = Release|Mixed Platforms
		Release|x86 = Release|x86
	EndGlobalSection
	GlobalSection(ProjectConfigurationPlatforms) = postSolution
		{A0EB6FE0-0A9D-47F6-A3D1-0FA82BFFA921}.Debug|Any CPU.ActiveCfg = Debug|x86
		{A0EB6FE0-0A9D-47F6-A3D1-0FA82BFFA921}.Debug|Mixed Platforms.ActiveCfg = Debug|x86
		{A0EB6FE0-0A9D-47F6-A3D1-0FA82BFFA921}.Debug|Mixed Platforms.Build.0 = Debug|x86
		{A0EB6FE0-0A9D-47F6-A3D1-0FA82BFFA921}.Debug|x86.ActiveCfg = Debug|x86
		{A0EB6FE0-0A9D-47F6-A3D1-0FA82BFFA921}.Debug|x86.Build.0 = Debug|x86
		{A0EB6FE0-0A9D-47F6-A3D1-0FA82BFFA921}.Release|Any CPU.ActiveCfg = Release|x86
		{A0EB6FE0-0A9D-47F6-A3D1-0FA82BFFA921}.Release|Mixed Platforms.ActiveCfg = Release|x86
		{A0EB6FE0-0A9D-47F6-A3D1-0FA82BFFA921}.Release|Mixed Platforms.Build.0 = Release|x86
		{A0EB6FE0-0A9D-47F6-A3D1-0FA82BFFA921}.Release|x86.ActiveCfg = Release|x86
		{A0EB6FE0-0A9D-47F6-A3D1-0FA82BFFA921}.Release|x86.Build.0 = Release|x86
		{F42C603D-B57C-429D-9152-F1BC58E6407C}.Debug|Any CPU.ActiveCfg = Debug|x86
		{F42C603D-B57C-429D-9152-F1BC58E6407C}.Debug|Mixed Platforms.ActiveCfg = Debug|x86
		{F42C603D-B57C-429D-9152-F1BC58E6407C}.Debug|Mixed Platforms.Build.0 = Debug|x86
		{F42C603D-B57C-429D-9152-F1BC58E6407C}.Debug|x86.ActiveCfg = Debug|x86
		{F42C603D-B57C-429D-9152-F1BC58E6407C}.Debug|x86.Build.0 = Debug|x86
		{F42C603D-B57C-429D-9152-F1BC58E6407C}.Release|Any CPU.ActiveCfg = Release|x86
		{F42C603D-B57C-429D-9152-F1BC58E6407C}.Release|Mixed Platforms.ActiveCfg = Release|x86
		{F42C603D-B57C-429D-9152-F1BC58E6407C}.Release|Mixed Platforms.Build.0 = Release|x86
		{F42C603D-B57C-429D-9152-F1BC58E6407C}.Release|x86.ActiveCfg = Release|x86
		{F42C603D-B57C-429D-9152-F1BC58E6407C}.Release|x86.Build.0 = Release|x86
		{13571FB0-472F-43B0-947D-64C5D1F2B4A4}.Debug|Any CPU.ActiveCfg = Debug|Any CPU
		{13571FB0-472F-43B0-947D-64C5D1F2B4A4}.Debug|Any CPU.Build.0 = Debug|Any CPU
		{13571FB0-472F-43B0-947D-64C5D1F2B4A4}.Debug|Mixed Platforms.ActiveCfg = Debug|Any CPU
		{13571FB0-472F-43B0-947D-64C5D1F2B4A4}.Debug|Mixed Platforms.Build.0 = Debug|Any CPU
		{13571FB0-472F-43B0-947D-64C5D1F2B4A4}.Debug|x86.ActiveCfg = Debug|Any CPU
		{13571FB0-472F-43B0-947D-64C5D1F2B4A4}.Debug|x86.Build.0 = Debug|Any CPU
		{13571FB0-472F-43B0-947D-64C5D1F2B4A4}.Release|Any CPU.ActiveCfg = Release|Any CPU
		{13571FB0-472F-43B0-947D-64C5D1F2B4A4}.Release|Any CPU.Build.0 = Release|Any CPU
		{13571FB0-472F-43B0-947D-64C5D1F2B4A4}.Release|Mixed Platforms.ActiveCfg = Release|Any CPU
		{13571FB0-472F-43B0-947D-64C5D1F2B4A4}.Release|Mixed Platforms.Build.0 = Release|Any CPU
		{13571FB0-472F-43B0-947D-64C5D1F2B4A4}.Release|x86.ActiveCfg = Release|Any CPU
		{13571FB0-472F-43B0-947D-64C5D1F2B4A4}.Release|x86.Build.0 = Release|Any CPU
		{D20D8ACB-AD07-4E7F-A99E-47F4113B32EA}.Debug|Any CPU.ActiveCfg = Debug|Any CPU
		{D20D8ACB-AD07-4E7F-A99E-47F4113B32EA}.Debug|Any CPU.Build.0 = Debug|Any CPU
		{D20D8ACB-AD07-4E7F-A99E-47F4113B32EA}.Debug|Mixed Platforms.ActiveCfg = Debug|Any CPU
		{D20D8ACB-AD07-4E7F-A99E-47F4113B32EA}.Debug|Mixed Platforms.Build.0 = Debug|Any CPU
		{D20D8ACB-AD07-4E7F-A99E-47F4113B32EA}.Debug|x86.ActiveCfg = Debug|Any CPU
		{D20D8ACB-AD07-4E7F-A99E-47F4113B32EA}.Debug|x86.Build.0 = Debug|Any CPU
		{D20D8ACB-AD07-4E7F-A99E-47F4113B32EA}.Release|Any CPU.ActiveCfg = Release|Any CPU
		{D20D8ACB-AD07-4E7F-A99E-47F4113B32EA}.Release|Any CPU.Build.0 = Release|Any CPU
		{D20D8ACB-AD07-4E7F-A99E-47F4113B32EA}.Release|Mixed Platforms.ActiveCfg = Release|Any CPU
		{D20D8ACB-AD07-4E7F-A99E-47F4113B32EA}.Release|Mixed Platforms.Build.0 = Release|Any CPU
		{D20D8ACB-AD07-4E7F-A99E-47F4113B32EA}.Release|x86.ActiveCfg = Release|Any CPU
		{D20D8ACB-AD07-4E7F-A99E-47F4113B32EA}.Release|x86.Build.0 = Release|Any CPU
	EndGlobalSection
	GlobalSection(SolutionProperties) = preSolution
		HideSolutionNode = FALSE
	EndGlobalSection
EndGlobal
